dependencies:
- name: redis
  repository: https://charts.bitnami.com/bitnami
  version: 18.0.4
- name: mongodb
  repository: https://charts.bitnami.com/bitnami
  version: 13.18.4
- name: oathkeeper
  repository: https://k8s.ory.sh/helm/charts
  version: 0.36.0
- name: kratos
  repository: https://k8s.ory.sh/helm/charts
  version: 0.36.0
- name: router
  repository: oci://ghcr.io/apollographql/helm-charts
  version: 1.25.0
- name: price
  repository: file://../price
  version: 0.3.4
digest: sha256:cd159c706e304842659d06214237aed6f36e322996a8f2c11b377050b9bac033
generated: "2024-04-05T11:38:36.694730381-06:00"
