dependencies:
- name: redis
  repository: https://charts.bitnami.com/bitnami
  version: 18.0.4
- name: mongodb
  repository: https://charts.bitnami.com/bitnami
  version: 15.6.0
- name: oathkeeper
  repository: https://k8s.ory.sh/helm/charts
  version: 0.36.0
- name: kratos
  repository: https://k8s.ory.sh/helm/charts
  version: 0.36.0
- name: router
  repository: oci://ghcr.io/apollographql/helm-charts
  version: 1.25.0
- name: price
  repository: file://../price
  version: 0.5.10
digest: sha256:ed985f260ddfe80dddd4c73010437c7becdfb1a965b7f393b83ecd412451e6e8
generated: "2025-12-18T09:13:12.924579003-06:00"
