dependencies:
- name: redis
  repository: https://charts.bitnami.com/bitnami
  version: 18.0.4
- name: mongodb
  repository: https://charts.bitnami.com/bitnami
  version: 15.6.0
- name: oathkeeper
  repository: https://k8s.ory.sh/helm/charts
  version: 0.36.0
- name: kratos
  repository: https://k8s.ory.sh/helm/charts
  version: 0.36.0
- name: router
  repository: oci://ghcr.io/apollographql/helm-charts
  version: 1.25.0
- name: price
  repository: file://../price
  version: 0.5.8
digest: sha256:f29c4d95c61c9362729c3192b8c20470b848ebad026571aa7929cb5362f191d9
generated: "2025-11-20T16:17:04.676496573-06:00"
