dependencies:
- name: redis
  repository: https://charts.bitnami.com/bitnami
  version: 18.0.4
- name: mongodb
  repository: https://charts.bitnami.com/bitnami
  version: 15.6.0
- name: oathkeeper
  repository: https://k8s.ory.sh/helm/charts
  version: 0.36.0
- name: kratos
  repository: https://k8s.ory.sh/helm/charts
  version: 0.36.0
- name: router
  repository: oci://ghcr.io/apollographql/helm-charts
  version: 2.13.0
- name: price
  repository: file://../price
  version: 0.5.11
digest: sha256:5f7c5e1cfd1ce6f75faf6a9deefc6a4c95c6585cdcd642f5e484d2c1fb2096bc
generated: "2026-05-12T13:46:52.087762963-05:00"
